
Microsoft Visual Studio Solution File, Format Version 12.00
Project("{FAE04EC0-301F-11D3-BF4B-00C04F79EFBC}") = "Lab1", "Lab1\Lab1.csproj", "{CE9D8D8D-AF07-447D-B9D7-1B3BC60EB6C4}"
EndProject
Project("{FAE04EC0-301F-11D3-BF4B-00C04F79EFBC}") = "Lab2", "Lab2\Lab2.csproj", "{474A757C-E975-4DCA-9111-EE58F185A1E6}"
EndProject
Project("{FAE04EC0-301F-11D3-BF4B-00C04F79EFBC}") = "Lab4", "Lab4\Lab4.csproj", "{838522A3-4F56-4753-B14F-68135A4B4873}"
EndProject
Project("{FAE04EC0-301F-11D3-BF4B-00C04F79EFBC}") = "Lab5", "Lab5\Lab5.csproj", "{D5BCD15A-0048-4F5B-9162-C875D97627F7}"
EndProject
Project("{FAE04EC0-301F-11D3-BF4B-00C04F79EFBC}") = "Lab9", "Lab9\Lab9.csproj", "{FAF84F65-D333-4199-8BED-D7DAA6C7DBAA}"
EndProject
Global
	GlobalSection(SolutionConfigurationPlatforms) = preSolution
		Debug|Any CPU = Debug|Any CPU
		Debug|x64 = Debug|x64
		Debug|x86 = Debug|x86
		Release|Any CPU = Release|Any CPU
		Release|x64 = Release|x64
		Release|x86 = Release|x86
	EndGlobalSection
	GlobalSection(ProjectConfigurationPlatforms) = postSolution
		{CE9D8D8D-AF07-447D-B9D7-1B3BC60EB6C4}.Debug|Any CPU.ActiveCfg = Debug|Any CPU
		{CE9D8D8D-AF07-447D-B9D7-1B3BC60EB6C4}.Debug|Any CPU.Build.0 = Debug|Any CPU
		{CE9D8D8D-AF07-447D-B9D7-1B3BC60EB6C4}.Debug|x64.ActiveCfg = Debug|Any CPU
		{CE9D8D8D-AF07-447D-B9D7-1B3BC60EB6C4}.Debug|x64.Build.0 = Debug|Any CPU
		{CE9D8D8D-AF07-447D-B9D7-1B3BC60EB6C4}.Debug|x86.ActiveCfg = Debug|Any CPU
		{CE9D8D8D-AF07-447D-B9D7-1B3BC60EB6C4}.Debug|x86.Build.0 = Debug|Any CPU
		{CE9D8D8D-AF07-447D-B9D7-1B3BC60EB6C4}.Release|Any CPU.ActiveCfg = Release|Any CPU
		{CE9D8D8D-AF07-447D-B9D7-1B3BC60EB6C4}.Release|Any CPU.Build.0 = Release|Any CPU
		{CE9D8D8D-AF07-447D-B9D7-1B3BC60EB6C4}.Release|x64.ActiveCfg = Release|Any CPU
		{CE9D8D8D-AF07-447D-B9D7-1B3BC60EB6C4}.Release|x64.Build.0 = Release|Any CPU
		{CE9D8D8D-AF07-447D-B9D7-1B3BC60EB6C4}.Release|x86.ActiveCfg = Release|Any CPU
		{CE9D8D8D-AF07-447D-B9D7-1B3BC60EB6C4}.Release|x86.Build.0 = Release|Any CPU
		{474A757C-E975-4DCA-9111-EE58F185A1E6}.Debug|Any CPU.ActiveCfg = Debug|Any CPU
		{474A757C-E975-4DCA-9111-EE58F185A1E6}.Debug|Any CPU.Build.0 = Debug|Any CPU
		{474A757C-E975-4DCA-9111-EE58F185A1E6}.Debug|x64.ActiveCfg = Debug|Any CPU
		{474A757C-E975-4DCA-9111-EE58F185A1E6}.Debug|x64.Build.0 = Debug|Any CPU
		{474A757C-E975-4DCA-9111-EE58F185A1E6}.Debug|x86.ActiveCfg = Debug|Any CPU
		{474A757C-E975-4DCA-9111-EE58F185A1E6}.Debug|x86.Build.0 = Debug|Any CPU
		{474A757C-E975-4DCA-9111-EE58F185A1E6}.Release|Any CPU.ActiveCfg = Release|Any CPU
		{474A757C-E975-4DCA-9111-EE58F185A1E6}.Release|Any CPU.Build.0 = Release|Any CPU
		{474A757C-E975-4DCA-9111-EE58F185A1E6}.Release|x64.ActiveCfg = Release|Any CPU
		{474A757C-E975-4DCA-9111-EE58F185A1E6}.Release|x64.Build.0 = Release|Any CPU
		{474A757C-E975-4DCA-9111-EE58F185A1E6}.Release|x86.ActiveCfg = Release|Any CPU
		{474A757C-E975-4DCA-9111-EE58F185A1E6}.Release|x86.Build.0 = Release|Any CPU
		{838522A3-4F56-4753-B14F-68135A4B4873}.Debug|Any CPU.ActiveCfg = Debug|Any CPU
		{838522A3-4F56-4753-B14F-68135A4B4873}.Debug|Any CPU.Build.0 = Debug|Any CPU
		{838522A3-4F56-4753-B14F-68135A4B4873}.Debug|x64.ActiveCfg = Debug|Any CPU
		{838522A3-4F56-4753-B14F-68135A4B4873}.Debug|x64.Build.0 = Debug|Any CPU
		{838522A3-4F56-4753-B14F-68135A4B4873}.Debug|x86.ActiveCfg = Debug|Any CPU
		{838522A3-4F56-4753-B14F-68135A4B4873}.Debug|x86.Build.0 = Debug|Any CPU
		{838522A3-4F56-4753-B14F-68135A4B4873}.Release|Any CPU.ActiveCfg = Release|Any CPU
		{838522A3-4F56-4753-B14F-68135A4B4873}.Release|Any CPU.Build.0 = Release|Any CPU
		{838522A3-4F56-4753-B14F-68135A4B4873}.Release|x64.ActiveCfg = Release|Any CPU
		{838522A3-4F56-4753-B14F-68135A4B4873}.Release|x64.Build.0 = Release|Any CPU
		{838522A3-4F56-4753-B14F-68135A4B4873}.Release|x86.ActiveCfg = Release|Any CPU
		{838522A3-4F56-4753-B14F-68135A4B4873}.Release|x86.Build.0 = Release|Any CPU
		{D5BCD15A-0048-4F5B-9162-C875D97627F7}.Debug|Any CPU.ActiveCfg = Debug|Any CPU
		{D5BCD15A-0048-4F5B-9162-C875D97627F7}.Debug|Any CPU.Build.0 = Debug|Any CPU
		{D5BCD15A-0048-4F5B-9162-C875D97627F7}.Debug|x64.ActiveCfg = Debug|Any CPU
		{D5BCD15A-0048-4F5B-9162-C875D97627F7}.Debug|x64.Build.0 = Debug|Any CPU
		{D5BCD15A-0048-4F5B-9162-C875D97627F7}.Debug|x86.ActiveCfg = Debug|Any CPU
		{D5BCD15A-0048-4F5B-9162-C875D97627F7}.Debug|x86.Build.0 = Debug|Any CPU
		{D5BCD15A-0048-4F5B-9162-C875D97627F7}.Release|Any CPU.ActiveCfg = Release|Any CPU
		{D5BCD15A-0048-4F5B-9162-C875D97627F7}.Release|Any CPU.Build.0 = Release|Any CPU
		{D5BCD15A-0048-4F5B-9162-C875D97627F7}.Release|x64.ActiveCfg = Release|Any CPU
		{D5BCD15A-0048-4F5B-9162-C875D97627F7}.Release|x64.Build.0 = Release|Any CPU
		{D5BCD15A-0048-4F5B-9162-C875D97627F7}.Release|x86.ActiveCfg = Release|Any CPU
		{D5BCD15A-0048-4F5B-9162-C875D97627F7}.Release|x86.Build.0 = Release|Any CPU
		{FAF84F65-D333-4199-8BED-D7DAA6C7DBAA}.Debug|Any CPU.ActiveCfg = Debug|Any CPU
		{FAF84F65-D333-4199-8BED-D7DAA6C7DBAA}.Debug|Any CPU.Build.0 = Debug|Any CPU
		{FAF84F65-D333-4199-8BED-D7DAA6C7DBAA}.Debug|x64.ActiveCfg = Debug|Any CPU
		{FAF84F65-D333-4199-8BED-D7DAA6C7DBAA}.Debug|x64.Build.0 = Debug|Any CPU
		{FAF84F65-D333-4199-8BED-D7DAA6C7DBAA}.Debug|x86.ActiveCfg = Debug|Any CPU
		{FAF84F65-D333-4199-8BED-D7DAA6C7DBAA}.Debug|x86.Build.0 = Debug|Any CPU
		{FAF84F65-D333-4199-8BED-D7DAA6C7DBAA}.Release|Any CPU.ActiveCfg = Release|Any CPU
		{FAF84F65-D333-4199-8BED-D7DAA6C7DBAA}.Release|Any CPU.Build.0 = Release|Any CPU
		{FAF84F65-D333-4199-8BED-D7DAA6C7DBAA}.Release|x64.ActiveCfg = Release|Any CPU
		{FAF84F65-D333-4199-8BED-D7DAA6C7DBAA}.Release|x64.Build.0 = Release|Any CPU
		{FAF84F65-D333-4199-8BED-D7DAA6C7DBAA}.Release|x86.ActiveCfg = Release|Any CPU
		{FAF84F65-D333-4199-8BED-D7DAA6C7DBAA}.Release|x86.Build.0 = Release|Any CPU
	EndGlobalSection
	GlobalSection(SolutionProperties) = preSolution
		HideSolutionNode = FALSE
	EndGlobalSection
EndGlobal
